
Microsoft Visual Studio Solution File, Format Version 12.00
# Visual Studio 2013
VisualStudioVersion = 12.0.31101.0
MinimumVisualStudioVersion = 10.0.40219.1
Project("{FAE04EC0-301F-11D3-BF4B-00C04F79EFBC}") = "Systax_BuscaLegal", "Systax_BuscaLegal\Systax_BuscaLegal.csproj", "{68D9E1FC-9937-42E0-96C5-23A8F353D506}"
EndProject
Project("{FAE04EC0-301F-11D3-BF4B-00C04F79EFBC}") = "Busca_LegalDAO", "Busca_LegalDAO\Busca_LegalDAO.csproj", "{20D168BA-B71C-452C-B501-7977C4B1439C}"
EndProject
Project("{FAE04EC0-301F-11D3-BF4B-00C04F79EFBC}") = "DocumentoProvisorio", "DocumentoProvisorio\DocumentoProvisorio.csproj", "{164EABCC-FF7D-4CD6-BB66-6A3873E4BCD6}"
EndProject
Global
	GlobalSection(SolutionConfigurationPlatforms) = preSolution
		Debug|Any CPU = Debug|Any CPU
		Release|Any CPU = Release|Any CPU
	EndGlobalSection
	GlobalSection(ProjectConfigurationPlatforms) = postSolution
		{68D9E1FC-9937-42E0-96C5-23A8F353D506}.Debug|Any CPU.ActiveCfg = Debug|Any CPU
		{68D9E1FC-9937-42E0-96C5-23A8F353D506}.Debug|Any CPU.Build.0 = Debug|Any CPU
		{68D9E1FC-9937-42E0-96C5-23A8F353D506}.Release|Any CPU.ActiveCfg = Release|Any CPU
		{68D9E1FC-9937-42E0-96C5-23A8F353D506}.Release|Any CPU.Build.0 = Release|Any CPU
		{20D168BA-B71C-452C-B501-7977C4B1439C}.Debug|Any CPU.ActiveCfg = Debug|Any CPU
		{20D168BA-B71C-452C-B501-7977C4B1439C}.Debug|Any CPU.Build.0 = Debug|Any CPU
		{20D168BA-B71C-452C-B501-7977C4B1439C}.Release|Any CPU.ActiveCfg = Release|Any CPU
		{20D168BA-B71C-452C-B501-7977C4B1439C}.Release|Any CPU.Build.0 = Release|Any CPU
		{164EABCC-FF7D-4CD6-BB66-6A3873E4BCD6}.Debug|Any CPU.ActiveCfg = Debug|Any CPU
		{164EABCC-FF7D-4CD6-BB66-6A3873E4BCD6}.Debug|Any CPU.Build.0 = Debug|Any CPU
		{164EABCC-FF7D-4CD6-BB66-6A3873E4BCD6}.Release|Any CPU.ActiveCfg = Release|Any CPU
		{164EABCC-FF7D-4CD6-BB66-6A3873E4BCD6}.Release|Any CPU.Build.0 = Release|Any CPU
	EndGlobalSection
	GlobalSection(SolutionProperties) = preSolution
		HideSolutionNode = FALSE
	EndGlobalSection
EndGlobal
